
Microsoft Visual Studio Solution File, Format Version 12.00
# Visual Studio Version 17
VisualStudioVersion = 17.14.36518.9 d17.14
MinimumVisualStudioVersion = 10.0.40219.1
Project("{FAE04EC0-301F-11D3-BF4B-00C04F79EFBC}") = "AWSLambda", "AWSLambda.csproj", "{CDCF6127-E1B2-1B19-13D0-C850210759FC}"
EndProject
Global
	GlobalSection(SolutionConfigurationPlatforms) = preSolution
		Debug|Any CPU = Debug|Any CPU
		Release|Any CPU = Release|Any CPU
	EndGlobalSection
	GlobalSection(ProjectConfigurationPlatforms) = postSolution
		{CDCF6127-E1B2-1B19-13D0-C850210759FC}.Debug|Any CPU.ActiveCfg = Debug|Any CPU
		{CDCF6127-E1B2-1B19-13D0-C850210759FC}.Debug|Any CPU.Build.0 = Debug|Any CPU
		{CDCF6127-E1B2-1B19-13D0-C850210759FC}.Release|Any CPU.ActiveCfg = Release|Any CPU
		{CDCF6127-E1B2-1B19-13D0-C850210759FC}.Release|Any CPU.Build.0 = Release|Any CPU
	EndGlobalSection
	GlobalSection(SolutionProperties) = preSolution
		HideSolutionNode = FALSE
	EndGlobalSection
	GlobalSection(ExtensibilityGlobals) = postSolution
		SolutionGuid = {774EA5A1-5C59-48F7-9612-380307A52071}
	EndGlobalSection
EndGlobal
